
Microsoft Visual Studio Solution File, Format Version 12.00
# Visual Studio 14
VisualStudioVersion = 14.0.24720.0
MinimumVisualStudioVersion = 10.0.40219.1
Project("{FAE04EC0-301F-11D3-BF4B-00C04F79EFBC}") = "EventApp", "TestRegister\EventApp.csproj", "{C02613FF-606E-4091-93F0-7CA9EE5A797C}"
EndProject
Project("{FAE04EC0-301F-11D3-BF4B-00C04F79EFBC}") = "EventApp.Business", "TestRegister.Business\EventApp.Business.csproj", "{96238459-B42B-482E-85FD-8F7B71DEDCF7}"
EndProject
Project("{FAE04EC0-301F-11D3-BF4B-00C04F79EFBC}") = "EventApp.DAL", "TestRegister.DAL\EventApp.DAL.csproj", "{034D2CCF-CCCE-4828-8D41-5033B3B15CDC}"
EndProject
Global
	GlobalSection(SolutionConfigurationPlatforms) = preSolution
		Debug|Any CPU = Debug|Any CPU
		Release|Any CPU = Release|Any CPU
	EndGlobalSection
	GlobalSection(ProjectConfigurationPlatforms) = postSolution
		{C02613FF-606E-4091-93F0-7CA9EE5A797C}.Debug|Any CPU.ActiveCfg = Debug|Any CPU
		{C02613FF-606E-4091-93F0-7CA9EE5A797C}.Debug|Any CPU.Build.0 = Debug|Any CPU
		{C02613FF-606E-4091-93F0-7CA9EE5A797C}.Release|Any CPU.ActiveCfg = Release|Any CPU
		{C02613FF-606E-4091-93F0-7CA9EE5A797C}.Release|Any CPU.Build.0 = Release|Any CPU
		{96238459-B42B-482E-85FD-8F7B71DEDCF7}.Debug|Any CPU.ActiveCfg = Debug|Any CPU
		{96238459-B42B-482E-85FD-8F7B71DEDCF7}.Debug|Any CPU.Build.0 = Debug|Any CPU
		{96238459-B42B-482E-85FD-8F7B71DEDCF7}.Release|Any CPU.ActiveCfg = Release|Any CPU
		{96238459-B42B-482E-85FD-8F7B71DEDCF7}.Release|Any CPU.Build.0 = Release|Any CPU
		{034D2CCF-CCCE-4828-8D41-5033B3B15CDC}.Debug|Any CPU.ActiveCfg = Debug|Any CPU
		{034D2CCF-CCCE-4828-8D41-5033B3B15CDC}.Debug|Any CPU.Build.0 = Debug|Any CPU
		{034D2CCF-CCCE-4828-8D41-5033B3B15CDC}.Release|Any CPU.ActiveCfg = Release|Any CPU
		{034D2CCF-CCCE-4828-8D41-5033B3B15CDC}.Release|Any CPU.Build.0 = Release|Any CPU
	EndGlobalSection
	GlobalSection(SolutionProperties) = preSolution
		HideSolutionNode = FALSE
	EndGlobalSection
EndGlobal
